
Microsoft Visual Studio Solution File, Format Version 12.00
# Visual Studio Version 16
VisualStudioVersion = 16.0.28803.352
MinimumVisualStudioVersion = 10.0.40219.1
Project("{FAE04EC0-301F-11D3-BF4B-00C04F79EFBC}") = "TransportotationAndProductionIssue", "TransportotationAndProductionIssue\TransportotationAndProductionIssue.csproj", "{0AFBD56D-9593-4EB8-97C5-56C78F9D0385}"
EndProject
Global
	GlobalSection(SolutionConfigurationPlatforms) = preSolution
		Debug|Any CPU = Debug|Any CPU
		Release|Any CPU = Release|Any CPU
	EndGlobalSection
	GlobalSection(ProjectConfigurationPlatforms) = postSolution
		{0AFBD56D-9593-4EB8-97C5-56C78F9D0385}.Debug|Any CPU.ActiveCfg = Debug|Any CPU
		{0AFBD56D-9593-4EB8-97C5-56C78F9D0385}.Debug|Any CPU.Build.0 = Debug|Any CPU
		{0AFBD56D-9593-4EB8-97C5-56C78F9D0385}.Release|Any CPU.ActiveCfg = Release|Any CPU
		{0AFBD56D-9593-4EB8-97C5-56C78F9D0385}.Release|Any CPU.Build.0 = Release|Any CPU
	EndGlobalSection
	GlobalSection(SolutionProperties) = preSolution
		HideSolutionNode = FALSE
	EndGlobalSection
	GlobalSection(ExtensibilityGlobals) = postSolution
		SolutionGuid = {A652993E-753B-40B0-AD10-D7A84DDEC679}
	EndGlobalSection
EndGlobal
